
Microsoft Visual Studio Solution File, Format Version 12.00
# Visual Studio Version 16
VisualStudioVersion = 16.0.30517.126
MinimumVisualStudioVersion = 10.0.40219.1
Project("{FAE04EC0-301F-11D3-BF4B-00C04F79EFBC}") = "ShowFilesDemo", "ShowFilesDemo\ShowFilesDemo.csproj", "{2D5D75F7-813A-4896-8567-BCFAD9A7DB27}"
EndProject
Global
	GlobalSection(SolutionConfigurationPlatforms) = preSolution
		Debug|Any CPU = Debug|Any CPU
		Release|Any CPU = Release|Any CPU
	EndGlobalSection
	GlobalSection(ProjectConfigurationPlatforms) = postSolution
		{2D5D75F7-813A-4896-8567-BCFAD9A7DB27}.Debug|Any CPU.ActiveCfg = Debug|Any CPU
		{2D5D75F7-813A-4896-8567-BCFAD9A7DB27}.Debug|Any CPU.Build.0 = Debug|Any CPU
		{2D5D75F7-813A-4896-8567-BCFAD9A7DB27}.Release|Any CPU.ActiveCfg = Release|Any CPU
		{2D5D75F7-813A-4896-8567-BCFAD9A7DB27}.Release|Any CPU.Build.0 = Release|Any CPU
	EndGlobalSection
	GlobalSection(SolutionProperties) = preSolution
		HideSolutionNode = FALSE
	EndGlobalSection
	GlobalSection(ExtensibilityGlobals) = postSolution
		SolutionGuid = {DBEEEF56-0106-45F3-A92B-BEC809EA6E92}
	EndGlobalSection
EndGlobal
